{
  "name": "agentic-knowledge-base",
  "version": "0.1.0",
  "lockfileVersion": 3,
  "requires": true,
  "packages": {
    "": {
      "name": "agentic-knowledge-base",
      "version": "0.1.0",
      "license": "MIT",
      "workspaces": [
        "packages/*"
      ]
    },
    "node_modules/@reneza/akb-adapter-ticktick": {
      "resolved": "packages/adapter-ticktick",
      "link": true
    },
    "node_modules/@reneza/akb-cli": {
      "resolved": "packages/cli",
      "link": true
    },
    "node_modules/@reneza/akb-core": {
      "resolved": "packages/core",
      "link": true
    },
    "packages/adapter-ticktick": {
      "name": "@reneza/akb-adapter-ticktick",
      "version": "0.1.0",
      "license": "MIT",
      "peerDependencies": {
        "@reneza/akb-core": "^0.1.0"
      }
    },
    "packages/cli": {
      "name": "@reneza/akb-cli",
      "version": "0.1.0",
      "license": "MIT",
      "dependencies": {
        "@reneza/akb-core": "^0.1.0"
      },
      "bin": {
        "akb": "bin/akb.js"
      }
    },
    "packages/core": {
      "name": "@reneza/akb-core",
      "version": "0.1.0",
      "license": "MIT"
    }
  }
}
